
Microsoft Visual Studio Solution File, Format Version 12.00
# Visual Studio 15
VisualStudioVersion = 15.0.26730.12
MinimumVisualStudioVersion = 10.0.40219.1
Project("{D954291E-2A0B-460D-934E-DC6B0785DB48}") = "QuestBox", "QuestBox\QuestBox\QuestBox.shproj", "{1455A3AD-AE90-4F01-B73A-C733E089F19F}"
EndProject
Project("{FAE04EC0-301F-11D3-BF4B-00C04F79EFBC}") = "QuestBox.Android", "QuestBox\QuestBox.Android\QuestBox.Android.csproj", "{9BCFF1DC-980F-4BFB-955D-133CCE347473}"
EndProject
Project("{FAE04EC0-301F-11D3-BF4B-00C04F79EFBC}") = "QuestBox.iOS", "QuestBox\QuestBox.iOS\QuestBox.iOS.csproj", "{5CD61106-281F-4EE5-BFAD-98F2E1A95F1A}"
EndProject
Project("{FAE04EC0-301F-11D3-BF4B-00C04F79EFBC}") = "QuestBox.UWP", "QuestBox\QuestBox.UWP\QuestBox.UWP.csproj", "{70F0FAF1-E3C2-4038-A4E3-AED395DA1F0E}"
EndProject
Global
	GlobalSection(SharedMSBuildProjectFiles) = preSolution
		QuestBox\QuestBox\QuestBox.projitems*{1455a3ad-ae90-4f01-b73a-c733e089f19f}*SharedItemsImports = 13
		QuestBox\QuestBox\QuestBox.projitems*{5cd61106-281f-4ee5-bfad-98f2e1a95f1a}*SharedItemsImports = 4
		QuestBox\QuestBox\QuestBox.projitems*{9bcff1dc-980f-4bfb-955d-133cce347473}*SharedItemsImports = 4
	EndGlobalSection
	GlobalSection(SolutionConfigurationPlatforms) = preSolution
		Ad-Hoc|Any CPU = Ad-Hoc|Any CPU
		Ad-Hoc|ARM = Ad-Hoc|ARM
		Ad-Hoc|iPhone = Ad-Hoc|iPhone
		Ad-Hoc|iPhoneSimulator = Ad-Hoc|iPhoneSimulator
		Ad-Hoc|x64 = Ad-Hoc|x64
		Ad-Hoc|x86 = Ad-Hoc|x86
		AppStore|Any CPU = AppStore|Any CPU
		AppStore|ARM = AppStore|ARM
		AppStore|iPhone = AppStore|iPhone
		AppStore|iPhoneSimulator = AppStore|iPhoneSimulator
		AppStore|x64 = AppStore|x64
		AppStore|x86 = AppStore|x86
		Debug|Any CPU = Debug|Any CPU
		Debug|ARM = Debug|ARM
		Debug|iPhone = Debug|iPhone
		Debug|iPhoneSimulator = Debug|iPhoneSimulator
		Debug|x64 = Debug|x64
		Debug|x86 = Debug|x86
		Release|Any CPU = Release|Any CPU
		Release|ARM = Release|ARM
		Release|iPhone = Release|iPhone
		Release|iPhoneSimulator = Release|iPhoneSimulator
		Release|x64 = Release|x64
		Release|x86 = Release|x86
	EndGlobalSection
	GlobalSection(ProjectConfigurationPlatforms) = postSolution
		{9BCFF1DC-980F-4BFB-955D-133CCE347473}.Ad-Hoc|Any CPU.ActiveCfg = Release|Any CPU
		{9BCFF1DC-980F-4BFB-955D-133CCE347473}.Ad-Hoc|Any CPU.Build.0 = Release|Any CPU
		{9BCFF1DC-980F-4BFB-955D-133CCE347473}.Ad-Hoc|Any CPU.Deploy.0 = Release|Any CPU
		{9BCFF1DC-980F-4BFB-955D-133CCE347473}.Ad-Hoc|ARM.ActiveCfg = Release|Any CPU
		{9BCFF1DC-980F-4BFB-955D-133CCE347473}.Ad-Hoc|ARM.Build.0 = Release|Any CPU
		{9BCFF1DC-980F-4BFB-955D-133CCE347473}.Ad-Hoc|ARM.Deploy.0 = Release|Any CPU
		{9BCFF1DC-980F-4BFB-955D-133CCE347473}.Ad-Hoc|iPhone.ActiveCfg = Release|Any CPU
		{9BCFF1DC-980F-4BFB-955D-133CCE347473}.Ad-Hoc|iPhone.Build.0 = Release|Any CPU
		{9BCFF1DC-980F-4BFB-955D-133CCE347473}.Ad-Hoc|iPhone.Deploy.0 = Release|Any CPU
		{9BCFF1DC-980F-4BFB-955D-133CCE347473}.Ad-Hoc|iPhoneSimulator.ActiveCfg = Release|Any CPU
		{9BCFF1DC-980F-4BFB-955D-133CCE347473}.Ad-Hoc|iPhoneSimulator.Build.0 = Release|Any CPU
		{9BCFF1DC-980F-4BFB-955D-133CCE347473}.Ad-Hoc|iPhoneSimulator.Deploy.0 = Release|Any CPU
		{9BCFF1DC-980F-4BFB-955D-133CCE347473}.Ad-Hoc|x64.ActiveCfg = Release|Any CPU
		{9BCFF1DC-980F-4BFB-955D-133CCE347473}.Ad-Hoc|x64.Build.0 = Release|Any CPU
		{9BCFF1DC-980F-4BFB-955D-133CCE347473}.Ad-Hoc|x64.Deploy.0 = Release|Any CPU
		{9BCFF1DC-980F-4BFB-955D-133CCE347473}.Ad-Hoc|x86.ActiveCfg = Release|Any CPU
		{9BCFF1DC-980F-4BFB-955D-133CCE347473}.Ad-Hoc|x86.Build.0 = Release|Any CPU
		{9BCFF1DC-980F-4BFB-955D-133CCE347473}.Ad-Hoc|x86.Deploy.0 = Release|Any CPU
		{9BCFF1DC-980F-4BFB-955D-133CCE347473}.AppStore|Any CPU.ActiveCfg = Release|Any CPU
		{9BCFF1DC-980F-4BFB-955D-133CCE347473}.AppStore|Any CPU.Build.0 = Release|Any CPU
		{9BCFF1DC-980F-4BFB-955D-133CCE347473}.AppStore|Any CPU.Deploy.0 = Release|Any CPU
		{9BCFF1DC-980F-4BFB-955D-133CCE347473}.AppStore|ARM.ActiveCfg = Release|Any CPU
		{9BCFF1DC-980F-4BFB-955D-133CCE347473}.AppStore|ARM.Build.0 = Release|Any CPU
		{9BCFF1DC-980F-4BFB-955D-133CCE347473}.AppStore|ARM.Deploy.0 = Release|Any CPU
		{9BCFF1DC-980F-4BFB-955D-133CCE347473}.AppStore|iPhone.ActiveCfg = Release|Any CPU
		{9BCFF1DC-980F-4BFB-955D-133CCE347473}.AppStore|iPhone.Build.0 = Release|Any CPU
		{9BCFF1DC-980F-4BFB-955D-133CCE347473}.AppStore|iPhone.Deploy.0 = Release|Any CPU
		{9BCFF1DC-980F-4BFB-955D-133CCE347473}.AppStore|iPhoneSimulator.ActiveCfg = Release|Any CPU
		{9BCFF1DC-980F-4BFB-955D-133CCE347473}.AppStore|iPhoneSimulator.Build.0 = Release|Any CPU
		{9BCFF1DC-980F-4BFB-955D-133CCE347473}.AppStore|iPhoneSimulator.Deploy.0 = Release|Any CPU
		{9BCFF1DC-980F-4BFB-955D-133CCE347473}.AppStore|x64.ActiveCfg = Release|Any CPU
		{9BCFF1DC-980F-4BFB-955D-133CCE347473}.AppStore|x64.Build.0 = Release|Any CPU
		{9BCFF1DC-980F-4BFB-955D-133CCE347473}.AppStore|x64.Deploy.0 = Release|Any CPU
		{9BCFF1DC-980F-4BFB-955D-133CCE347473}.AppStore|x86.ActiveCfg = Release|Any CPU
		{9BCFF1DC-980F-4BFB-955D-133CCE347473}.AppStore|x86.Build.0 = Release|Any CPU
		{9BCFF1DC-980F-4BFB-955D-133CCE347473}.AppStore|x86.Deploy.0 = Release|Any CPU
		{9BCFF1DC-980F-4BFB-955D-133CCE347473}.Debug|Any CPU.ActiveCfg = Debug|Any CPU
		{9BCFF1DC-980F-4BFB-955D-133CCE347473}.Debug|Any CPU.Build.0 = Debug|Any CPU
		{9BCFF1DC-980F-4BFB-955D-133CCE347473}.Debug|Any CPU.Deploy.0 = Debug|Any CPU
		{9BCFF1DC-980F-4BFB-955D-133CCE347473}.Debug|ARM.ActiveCfg = Debug|Any CPU
		{9BCFF1DC-980F-4BFB-955D-133CCE347473}.Debug|ARM.Build.0 = Debug|Any CPU
		{9BCFF1DC-980F-4BFB-955D-133CCE347473}.Debug|ARM.Deploy.0 = Debug|Any CPU
		{9BCFF1DC-980F-4BFB-955D-133CCE347473}.Debug|iPhone.ActiveCfg = Debug|Any CPU
		{9BCFF1DC-980F-4BFB-955D-133CCE347473}.Debug|iPhone.Build.0 = Debug|Any CPU
		{9BCFF1DC-980F-4BFB-955D-133CCE347473}.Debug|iPhone.Deploy.0 = Debug|Any CPU
		{9BCFF1DC-980F-4BFB-955D-133CCE347473}.Debug|iPhoneSimulator.ActiveCfg = Debug|Any CPU
		{9BCFF1DC-980F-4BFB-955D-133CCE347473}.Debug|iPhoneSimulator.Build.0 = Debug|Any CPU
		{9BCFF1DC-980F-4BFB-955D-133CCE347473}.Debug|iPhoneSimulator.Deploy.0 = Debug|Any CPU
		{9BCFF1DC-980F-4BFB-955D-133CCE347473}.Debug|x64.ActiveCfg = Debug|Any CPU
		{9BCFF1DC-980F-4BFB-955D-133CCE347473}.Debug|x64.Build.0 = Debug|Any CPU
		{9BCFF1DC-980F-4BFB-955D-133CCE347473}.Debug|x64.Deploy.0 = Debug|Any CPU
		{9BCFF1DC-980F-4BFB-955D-133CCE347473}.Debug|x86.ActiveCfg = Debug|Any CPU
		{9BCFF1DC-980F-4BFB-955D-133CCE347473}.Debug|x86.Build.0 = Debug|Any CPU
		{9BCFF1DC-980F-4BFB-955D-133CCE347473}.Debug|x86.Deploy.0 = Debug|Any CPU
		{9BCFF1DC-980F-4BFB-955D-133CCE347473}.Release|Any CPU.ActiveCfg = Release|Any CPU
		{9BCFF1DC-980F-4BFB-955D-133CCE347473}.Release|Any CPU.Build.0 = Release|Any CPU
		{9BCFF1DC-980F-4BFB-955D-133CCE347473}.Release|Any CPU.Deploy.0 = Release|Any CPU
		{9BCFF1DC-980F-4BFB-955D-133CCE347473}.Release|ARM.ActiveCfg = Release|Any CPU
		{9BCFF1DC-980F-4BFB-955D-133CCE347473}.Release|ARM.Build.0 = Release|Any CPU
		{9BCFF1DC-980F-4BFB-955D-133CCE347473}.Release|ARM.Deploy.0 = Release|Any CPU
		{9BCFF1DC-980F-4BFB-955D-133CCE347473}.Release|iPhone.ActiveCfg = Release|Any CPU
		{9BCFF1DC-980F-4BFB-955D-133CCE347473}.Release|iPhone.Build.0 = Release|Any CPU
		{9BCFF1DC-980F-4BFB-955D-133CCE347473}.Release|iPhone.Deploy.0 = Release|Any CPU
		{9BCFF1DC-980F-4BFB-955D-133CCE347473}.Release|iPhoneSimulator.ActiveCfg = Release|Any CPU
		{9BCFF1DC-980F-4BFB-955D-133CCE347473}.Release|iPhoneSimulator.Build.0 = Release|Any CPU
		{9BCFF1DC-980F-4BFB-955D-133CCE347473}.Release|iPhoneSimulator.Deploy.0 = Release|Any CPU
		{9BCFF1DC-980F-4BFB-955D-133CCE347473}.Release|x64.ActiveCfg = Release|Any CPU
		{9BCFF1DC-980F-4BFB-955D-133CCE347473}.Release|x64.Build.0 = Release|Any CPU
		{9BCFF1DC-980F-4BFB-955D-133CCE347473}.Release|x64.Deploy.0 = Release|Any CPU
		{9BCFF1DC-980F-4BFB-955D-133CCE347473}.Release|x86.ActiveCfg = Release|Any CPU
		{9BCFF1DC-980F-4BFB-955D-133CCE347473}.Release|x86.Build.0 = Release|Any CPU
		{9BCFF1DC-980F-4BFB-955D-133CCE347473}.Release|x86.Deploy.0 = Release|Any CPU
		{5CD61106-281F-4EE5-BFAD-98F2E1A95F1A}.Ad-Hoc|Any CPU.ActiveCfg = Ad-Hoc|iPhone
		{5CD61106-281F-4EE5-BFAD-98F2E1A95F1A}.Ad-Hoc|ARM.ActiveCfg = Ad-Hoc|iPhone
		{5CD61106-281F-4EE5-BFAD-98F2E1A95F1A}.Ad-Hoc|iPhone.ActiveCfg = Ad-Hoc|iPhone
		{5CD61106-281F-4EE5-BFAD-98F2E1A95F1A}.Ad-Hoc|iPhone.Build.0 = Ad-Hoc|iPhone
		{5CD61106-281F-4EE5-BFAD-98F2E1A95F1A}.Ad-Hoc|iPhoneSimulator.ActiveCfg = Ad-Hoc|iPhoneSimulator
		{5CD61106-281F-4EE5-BFAD-98F2E1A95F1A}.Ad-Hoc|iPhoneSimulator.Build.0 = Ad-Hoc|iPhoneSimulator
		{5CD61106-281F-4EE5-BFAD-98F2E1A95F1A}.Ad-Hoc|x64.ActiveCfg = Ad-Hoc|iPhone
		{5CD61106-281F-4EE5-BFAD-98F2E1A95F1A}.Ad-Hoc|x86.ActiveCfg = Ad-Hoc|iPhone
		{5CD61106-281F-4EE5-BFAD-98F2E1A95F1A}.AppStore|Any CPU.ActiveCfg = AppStore|iPhone
		{5CD61106-281F-4EE5-BFAD-98F2E1A95F1A}.AppStore|ARM.ActiveCfg = AppStore|iPhone
		{5CD61106-281F-4EE5-BFAD-98F2E1A95F1A}.AppStore|iPhone.ActiveCfg = AppStore|iPhone
		{5CD61106-281F-4EE5-BFAD-98F2E1A95F1A}.AppStore|iPhone.Build.0 = AppStore|iPhone
		{5CD61106-281F-4EE5-BFAD-98F2E1A95F1A}.AppStore|iPhoneSimulator.ActiveCfg = AppStore|iPhoneSimulator
		{5CD61106-281F-4EE5-BFAD-98F2E1A95F1A}.AppStore|iPhoneSimulator.Build.0 = AppStore|iPhoneSimulator
		{5CD61106-281F-4EE5-BFAD-98F2E1A95F1A}.AppStore|x64.ActiveCfg = AppStore|iPhone
		{5CD61106-281F-4EE5-BFAD-98F2E1A95F1A}.AppStore|x86.ActiveCfg = AppStore|iPhone
		{5CD61106-281F-4EE5-BFAD-98F2E1A95F1A}.Debug|Any CPU.ActiveCfg = Debug|iPhone
		{5CD61106-281F-4EE5-BFAD-98F2E1A95F1A}.Debug|ARM.ActiveCfg = Debug|iPhone
		{5CD61106-281F-4EE5-BFAD-98F2E1A95F1A}.Debug|iPhone.ActiveCfg = Debug|iPhone
		{5CD61106-281F-4EE5-BFAD-98F2E1A95F1A}.Debug|iPhone.Build.0 = Debug|iPhone
		{5CD61106-281F-4EE5-BFAD-98F2E1A95F1A}.Debug|iPhoneSimulator.ActiveCfg = Debug|iPhoneSimulator
		{5CD61106-281F-4EE5-BFAD-98F2E1A95F1A}.Debug|iPhoneSimulator.Build.0 = Debug|iPhoneSimulator
		{5CD61106-281F-4EE5-BFAD-98F2E1A95F1A}.Debug|x64.ActiveCfg = Debug|iPhone
		{5CD61106-281F-4EE5-BFAD-98F2E1A95F1A}.Debug|x86.ActiveCfg = Debug|iPhone
		{5CD61106-281F-4EE5-BFAD-98F2E1A95F1A}.Release|Any CPU.ActiveCfg = Release|iPhone
		{5CD61106-281F-4EE5-BFAD-98F2E1A95F1A}.Release|ARM.ActiveCfg = Release|iPhone
		{5CD61106-281F-4EE5-BFAD-98F2E1A95F1A}.Release|iPhone.ActiveCfg = Release|iPhone
		{5CD61106-281F-4EE5-BFAD-98F2E1A95F1A}.Release|iPhone.Build.0 = Release|iPhone
		{5CD61106-281F-4EE5-BFAD-98F2E1A95F1A}.Release|iPhoneSimulator.ActiveCfg = Release|iPhoneSimulator
		{5CD61106-281F-4EE5-BFAD-98F2E1A95F1A}.Release|iPhoneSimulator.Build.0 = Release|iPhoneSimulator
		{5CD61106-281F-4EE5-BFAD-98F2E1A95F1A}.Release|x64.ActiveCfg = Release|iPhone
		{5CD61106-281F-4EE5-BFAD-98F2E1A95F1A}.Release|x86.ActiveCfg = Release|iPhone
		{70F0FAF1-E3C2-4038-A4E3-AED395DA1F0E}.Ad-Hoc|Any CPU.ActiveCfg = Release|x86
		{70F0FAF1-E3C2-4038-A4E3-AED395DA1F0E}.Ad-Hoc|Any CPU.Build.0 = Release|x86
		{70F0FAF1-E3C2-4038-A4E3-AED395DA1F0E}.Ad-Hoc|Any CPU.Deploy.0 = Release|x86
		{70F0FAF1-E3C2-4038-A4E3-AED395DA1F0E}.Ad-Hoc|ARM.ActiveCfg = Release|ARM
		{70F0FAF1-E3C2-4038-A4E3-AED395DA1F0E}.Ad-Hoc|ARM.Build.0 = Release|ARM
		{70F0FAF1-E3C2-4038-A4E3-AED395DA1F0E}.Ad-Hoc|ARM.Deploy.0 = Release|ARM
		{70F0FAF1-E3C2-4038-A4E3-AED395DA1F0E}.Ad-Hoc|iPhone.ActiveCfg = Release|x86
		{70F0FAF1-E3C2-4038-A4E3-AED395DA1F0E}.Ad-Hoc|iPhone.Build.0 = Release|x86
		{70F0FAF1-E3C2-4038-A4E3-AED395DA1F0E}.Ad-Hoc|iPhone.Deploy.0 = Release|x86
		{70F0FAF1-E3C2-4038-A4E3-AED395DA1F0E}.Ad-Hoc|iPhoneSimulator.ActiveCfg = Release|x86
		{70F0FAF1-E3C2-4038-A4E3-AED395DA1F0E}.Ad-Hoc|iPhoneSimulator.Build.0 = Release|x86
		{70F0FAF1-E3C2-4038-A4E3-AED395DA1F0E}.Ad-Hoc|iPhoneSimulator.Deploy.0 = Release|x86
		{70F0FAF1-E3C2-4038-A4E3-AED395DA1F0E}.Ad-Hoc|x64.ActiveCfg = Release|x64
		{70F0FAF1-E3C2-4038-A4E3-AED395DA1F0E}.Ad-Hoc|x64.Build.0 = Release|x64
		{70F0FAF1-E3C2-4038-A4E3-AED395DA1F0E}.Ad-Hoc|x64.Deploy.0 = Release|x64
		{70F0FAF1-E3C2-4038-A4E3-AED395DA1F0E}.Ad-Hoc|x86.ActiveCfg = Release|x86
		{70F0FAF1-E3C2-4038-A4E3-AED395DA1F0E}.Ad-Hoc|x86.Build.0 = Release|x86
		{70F0FAF1-E3C2-4038-A4E3-AED395DA1F0E}.Ad-Hoc|x86.Deploy.0 = Release|x86
		{70F0FAF1-E3C2-4038-A4E3-AED395DA1F0E}.AppStore|Any CPU.ActiveCfg = Release|x86
		{70F0FAF1-E3C2-4038-A4E3-AED395DA1F0E}.AppStore|Any CPU.Build.0 = Release|x86
		{70F0FAF1-E3C2-4038-A4E3-AED395DA1F0E}.AppStore|Any CPU.Deploy.0 = Release|x86
		{70F0FAF1-E3C2-4038-A4E3-AED395DA1F0E}.AppStore|ARM.ActiveCfg = Release|ARM
		{70F0FAF1-E3C2-4038-A4E3-AED395DA1F0E}.AppStore|ARM.Build.0 = Release|ARM
		{70F0FAF1-E3C2-4038-A4E3-AED395DA1F0E}.AppStore|ARM.Deploy.0 = Release|ARM
		{70F0FAF1-E3C2-4038-A4E3-AED395DA1F0E}.AppStore|iPhone.ActiveCfg = Release|x86
		{70F0FAF1-E3C2-4038-A4E3-AED395DA1F0E}.AppStore|iPhone.Build.0 = Release|x86
		{70F0FAF1-E3C2-4038-A4E3-AED395DA1F0E}.AppStore|iPhone.Deploy.0 = Release|x86
		{70F0FAF1-E3C2-4038-A4E3-AED395DA1F0E}.AppStore|iPhoneSimulator.ActiveCfg = Release|x86
		{70F0FAF1-E3C2-4038-A4E3-AED395DA1F0E}.AppStore|iPhoneSimulator.Build.0 = Release|x86
		{70F0FAF1-E3C2-4038-A4E3-AED395DA1F0E}.AppStore|iPhoneSimulator.Deploy.0 = Release|x86
		{70F0FAF1-E3C2-4038-A4E3-AED395DA1F0E}.AppStore|x64.ActiveCfg = Release|x64
		{70F0FAF1-E3C2-4038-A4E3-AED395DA1F0E}.AppStore|x64.Build.0 = Release|x64
		{70F0FAF1-E3C2-4038-A4E3-AED395DA1F0E}.AppStore|x64.Deploy.0 = Release|x64
		{70F0FAF1-E3C2-4038-A4E3-AED395DA1F0E}.AppStore|x86.ActiveCfg = Release|x86
		{70F0FAF1-E3C2-4038-A4E3-AED395DA1F0E}.AppStore|x86.Build.0 = Release|x86
		{70F0FAF1-E3C2-4038-A4E3-AED395DA1F0E}.AppStore|x86.Deploy.0 = Release|x86
		{70F0FAF1-E3C2-4038-A4E3-AED395DA1F0E}.Debug|Any CPU.ActiveCfg = Debug|x86
		{70F0FAF1-E3C2-4038-A4E3-AED395DA1F0E}.Debug|ARM.ActiveCfg = Debug|ARM
		{70F0FAF1-E3C2-4038-A4E3-AED395DA1F0E}.Debug|ARM.Build.0 = Debug|ARM
		{70F0FAF1-E3C2-4038-A4E3-AED395DA1F0E}.Debug|ARM.Deploy.0 = Debug|ARM
		{70F0FAF1-E3C2-4038-A4E3-AED395DA1F0E}.Debug|iPhone.ActiveCfg = Debug|x86
		{70F0FAF1-E3C2-4038-A4E3-AED395DA1F0E}.Debug|iPhoneSimulator.ActiveCfg = Debug|x86
		{70F0FAF1-E3C2-4038-A4E3-AED395DA1F0E}.Debug|x64.ActiveCfg = Debug|x64
		{70F0FAF1-E3C2-4038-A4E3-AED395DA1F0E}.Debug|x64.Build.0 = Debug|x64
		{70F0FAF1-E3C2-4038-A4E3-AED395DA1F0E}.Debug|x64.Deploy.0 = Debug|x64
		{70F0FAF1-E3C2-4038-A4E3-AED395DA1F0E}.Debug|x86.ActiveCfg = Debug|x86
		{70F0FAF1-E3C2-4038-A4E3-AED395DA1F0E}.Debug|x86.Build.0 = Debug|x86
		{70F0FAF1-E3C2-4038-A4E3-AED395DA1F0E}.Debug|x86.Deploy.0 = Debug|x86
		{70F0FAF1-E3C2-4038-A4E3-AED395DA1F0E}.Release|Any CPU.ActiveCfg = Release|x86
		{70F0FAF1-E3C2-4038-A4E3-AED395DA1F0E}.Release|ARM.ActiveCfg = Release|ARM
		{70F0FAF1-E3C2-4038-A4E3-AED395DA1F0E}.Release|ARM.Build.0 = Release|ARM
		{70F0FAF1-E3C2-4038-A4E3-AED395DA1F0E}.Release|ARM.Deploy.0 = Release|ARM
		{70F0FAF1-E3C2-4038-A4E3-AED395DA1F0E}.Release|iPhone.ActiveCfg = Release|x86
		{70F0FAF1-E3C2-4038-A4E3-AED395DA1F0E}.Release|iPhoneSimulator.ActiveCfg = Release|x86
		{70F0FAF1-E3C2-4038-A4E3-AED395DA1F0E}.Release|x64.ActiveCfg = Release|x64
		{70F0FAF1-E3C2-4038-A4E3-AED395DA1F0E}.Release|x64.Build.0 = Release|x64
		{70F0FAF1-E3C2-4038-A4E3-AED395DA1F0E}.Release|x64.Deploy.0 = Release|x64
		{70F0FAF1-E3C2-4038-A4E3-AED395DA1F0E}.Release|x86.ActiveCfg = Release|x86
		{70F0FAF1-E3C2-4038-A4E3-AED395DA1F0E}.Release|x86.Build.0 = Release|x86
		{70F0FAF1-E3C2-4038-A4E3-AED395DA1F0E}.Release|x86.Deploy.0 = Release|x86
	EndGlobalSection
	GlobalSection(SolutionProperties) = preSolution
		HideSolutionNode = FALSE
	EndGlobalSection
	GlobalSection(ExtensibilityGlobals) = postSolution
		SolutionGuid = {51055411-6B88-4208-AB87-293E6B46AE47}
	EndGlobalSection
EndGlobal
